
Microsoft Visual Studio Solution File, Format Version 12.00
# Visual Studio Version 17
VisualStudioVersion = 17.4.33122.133
MinimumVisualStudioVersion = 10.0.40219.1
Project("{8BC9CEB8-8B4A-11D0-8D11-00A0C91BC942}") = "TestGUI", "TestGUI.vcxproj", "{BB2FFBA5-9F66-4904-9B04-649A0ACB0379}"
EndProject
Global
	GlobalSection(SolutionConfigurationPlatforms) = preSolution
		Debug|x64 = Debug|x64
		Debug|x86 = Debug|x86
		Release|x64 = Release|x64
		Release|x86 = Release|x86
	EndGlobalSection
	GlobalSection(ProjectConfigurationPlatforms) = postSolution
		{BB2FFBA5-9F66-4904-9B04-649A0ACB0379}.Debug|x64.ActiveCfg = Debug|x64
		{BB2FFBA5-9F66-4904-9B04-649A0ACB0379}.Debug|x64.Build.0 = Debug|x64
		{BB2FFBA5-9F66-4904-9B04-649A0ACB0379}.Debug|x86.ActiveCfg = Debug|Win32
		{BB2FFBA5-9F66-4904-9B04-649A0ACB0379}.Debug|x86.Build.0 = Debug|Win32
		{BB2FFBA5-9F66-4904-9B04-649A0ACB0379}.Release|x64.ActiveCfg = Release|x64
		{BB2FFBA5-9F66-4904-9B04-649A0ACB0379}.Release|x64.Build.0 = Release|x64
		{BB2FFBA5-9F66-4904-9B04-649A0ACB0379}.Release|x86.ActiveCfg = Release|Win32
		{BB2FFBA5-9F66-4904-9B04-649A0ACB0379}.Release|x86.Build.0 = Release|Win32
	EndGlobalSection
	GlobalSection(SolutionProperties) = preSolution
		HideSolutionNode = FALSE
	EndGlobalSection
	GlobalSection(ExtensibilityGlobals) = postSolution
		SolutionGuid = {AC0E7D93-8836-49B8-973E-20073BF276A1}
	EndGlobalSection
EndGlobal
